Microsoft Visual Studio Solution File, Format Version 12.00
# Visual Studio Version 16
VisualStudioVersion = 16.0.31229.75
MinimumVisualStudioVersion = 15.0.26124.0
Project("{9A19103F-16F7-4668-BE54-9A1E7A4F7556}") = "MGtestCCG.Web", "MGtestCCG.Web\MGtestCCG.Web.csproj", "{6A246D76-7F76-4A4C-96E5-3471B09EB805}"
EndProject
Project("{9A19103F-16F7-4668-BE54-9A1E7A4F7556}") = "MGtestCCG.UnitTest", "MGtestCCG.UnitTest\MGtestCCG.UnitTest.csproj", "{7C162EB7-DF83-4E26-98A7-1B5B483C6533}"
EndProject
Project("{9A19103F-16F7-4668-BE54-9A1E7A4F7556}") = "MGtestCCG.Infrastructure.Repositories", "MGtestCCG.Infrastructure.Repositories\MGtestCCG.Infrastructure.Repositories.csproj", "{6C3BD9BA-5E1B-46FF-A9DA-E8DD9F77B799}"
EndProject
Project("{9A19103F-16F7-4668-BE54-9A1E7A4F7556}") = "MGtestCCG.Domain.Services", "MGtestCCG.Domain.Services\MGtestCCG.Domain.Services.csproj", "{E1A2C1DD-76C8-4EBA-8852-0A5DF7F2AF14}"
EndProject
Project("{9A19103F-16F7-4668-BE54-9A1E7A4F7556}") = "MGtestCCG.Domain.Irepositories", "MGtestCCG.Domain.Irepositories\MGtestCCG.Domain.Irepositories.csproj", "{2505646E-A8D7-444C-9D1E-45AB58E2FF79}"
EndProject
Project("{9A19103F-16F7-4668-BE54-9A1E7A4F7556}") = "MGtestCCG.Domain.Entities", "MGtestCCG.Domain.Entities\MGtestCCG.Domain.Entities.csproj", "{28D395E9-9BED-4BA8-9CC3-9D6511C00BD0}"
EndProject
Project("{9A19103F-16F7-4668-BE54-9A1E7A4F7556}") = "MGtestCCG.Application.QueryHandler", "MGtestCCG.Application.QueryHandler\MGtestCCG.Application.QueryHandler.csproj", "{B2631FFC-4924-4C3E-8219-09A6DCCE7F5C}"
EndProject
Project("{9A19103F-16F7-4668-BE54-9A1E7A4F7556}") = "MGtestCCG.Application.Query", "MGtestCCG.Application.Query\MGtestCCG.Application.Query.csproj", "{13B64BF0-6972-45F1-A222-7EDEFB3D3895}"
EndProject
Project("{9A19103F-16F7-4668-BE54-9A1E7A4F7556}") = "MGtestCCG.Application.DTO", "MGtestCCG.Application.DTO\MGtestCCG.Application.DTO.csproj", "{66AEF90F-9ABC-4108-8700-133FCB98855B}"
EndProject
Global
	GlobalSection(SolutionConfigurationPlatforms) = preSolution
		Debug|Any CPU = Debug|Any CPU
		Release|Any CPU = Release|Any CPU
	EndGlobalSection
	GlobalSection(ProjectConfigurationPlatforms) = postSolution
		{6A246D76-7F76-4A4C-96E5-3471B09EB805}.Debug|Any CPU.ActiveCfg = Debug|Any CPU
		{6A246D76-7F76-4A4C-96E5-3471B09EB805}.Debug|Any CPU.Build.0 = Debug|Any CPU
		{6A246D76-7F76-4A4C-96E5-3471B09EB805}.Release|Any CPU.ActiveCfg = Release|Any CPU
		{6A246D76-7F76-4A4C-96E5-3471B09EB805}.Release|Any CPU.Build.0 = Release|Any CPU
		{7C162EB7-DF83-4E26-98A7-1B5B483C6533}.Debug|Any CPU.ActiveCfg = Debug|Any CPU
		{7C162EB7-DF83-4E26-98A7-1B5B483C6533}.Debug|Any CPU.Build.0 = Debug|Any CPU
		{7C162EB7-DF83-4E26-98A7-1B5B483C6533}.Release|Any CPU.ActiveCfg = Release|Any CPU
		{7C162EB7-DF83-4E26-98A7-1B5B483C6533}.Release|Any CPU.Build.0 = Release|Any CPU
		{6C3BD9BA-5E1B-46FF-A9DA-E8DD9F77B799}.Debug|Any CPU.ActiveCfg = Debug|Any CPU
		{6C3BD9BA-5E1B-46FF-A9DA-E8DD9F77B799}.Debug|Any CPU.Build.0 = Debug|Any CPU
		{6C3BD9BA-5E1B-46FF-A9DA-E8DD9F77B799}.Release|Any CPU.ActiveCfg = Release|Any CPU
		{6C3BD9BA-5E1B-46FF-A9DA-E8DD9F77B799}.Release|Any CPU.Build.0 = Release|Any CPU
		{E1A2C1DD-76C8-4EBA-8852-0A5DF7F2AF14}.Debug|Any CPU.ActiveCfg = Debug|Any CPU
		{E1A2C1DD-76C8-4EBA-8852-0A5DF7F2AF14}.Debug|Any CPU.Build.0 = Debug|Any CPU
		{E1A2C1DD-76C8-4EBA-8852-0A5DF7F2AF14}.Release|Any CPU.ActiveCfg = Release|Any CPU
		{E1A2C1DD-76C8-4EBA-8852-0A5DF7F2AF14}.Release|Any CPU.Build.0 = Release|Any CPU
		{2505646E-A8D7-444C-9D1E-45AB58E2FF79}.Debug|Any CPU.ActiveCfg = Debug|Any CPU
		{2505646E-A8D7-444C-9D1E-45AB58E2FF79}.Debug|Any CPU.Build.0 = Debug|Any CPU
		{2505646E-A8D7-444C-9D1E-45AB58E2FF79}.Release|Any CPU.ActiveCfg = Release|Any CPU
		{2505646E-A8D7-444C-9D1E-45AB58E2FF79}.Release|Any CPU.Build.0 = Release|Any CPU
		{28D395E9-9BED-4BA8-9CC3-9D6511C00BD0}.Debug|Any CPU.ActiveCfg = Debug|Any CPU
		{28D395E9-9BED-4BA8-9CC3-9D6511C00BD0}.Debug|Any CPU.Build.0 = Debug|Any CPU
		{28D395E9-9BED-4BA8-9CC3-9D6511C00BD0}.Release|Any CPU.ActiveCfg = Release|Any CPU
		{28D395E9-9BED-4BA8-9CC3-9D6511C00BD0}.Release|Any CPU.Build.0 = Release|Any CPU
		{B2631FFC-4924-4C3E-8219-09A6DCCE7F5C}.Debug|Any CPU.ActiveCfg = Debug|Any CPU
		{B2631FFC-4924-4C3E-8219-09A6DCCE7F5C}.Debug|Any CPU.Build.0 = Debug|Any CPU
		{B2631FFC-4924-4C3E-8219-09A6DCCE7F5C}.Release|Any CPU.ActiveCfg = Release|Any CPU
		{B2631FFC-4924-4C3E-8219-09A6DCCE7F5C}.Release|Any CPU.Build.0 = Release|Any CPU
		{13B64BF0-6972-45F1-A222-7EDEFB3D3895}.Debug|Any CPU.ActiveCfg = Debug|Any CPU
		{13B64BF0-6972-45F1-A222-7EDEFB3D3895}.Debug|Any CPU.Build.0 = Debug|Any CPU
		{13B64BF0-6972-45F1-A222-7EDEFB3D3895}.Release|Any CPU.ActiveCfg = Release|Any CPU
		{13B64BF0-6972-45F1-A222-7EDEFB3D3895}.Release|Any CPU.Build.0 = Release|Any CPU
		{66AEF90F-9ABC-4108-8700-133FCB98855B}.Debug|Any CPU.ActiveCfg = Debug|Any CPU
		{66AEF90F-9ABC-4108-8700-133FCB98855B}.Debug|Any CPU.Build.0 = Debug|Any CPU
		{66AEF90F-9ABC-4108-8700-133FCB98855B}.Release|Any CPU.ActiveCfg = Release|Any CPU
		{66AEF90F-9ABC-4108-8700-133FCB98855B}.Release|Any CPU.Build.0 = Release|Any CPU
	EndGlobalSection
	GlobalSection(SolutionProperties) = preSolution
		HideSolutionNode = FALSE
	EndGlobalSection
	GlobalSection(ExtensibilityGlobals) = postSolution
		SolutionGuid = {B87971B9-9F92-48A7-BDB1-0B978D74F2B2}
	EndGlobalSection
EndGlobal
