
Microsoft Visual Studio Solution File, Format Version 12.00
# Visual Studio Version 16
VisualStudioVersion = 16.0.30225.117
MinimumVisualStudioVersion = 10.0.40219.1
Project("{FAE04EC0-301F-11D3-BF4B-00C04F79EFBC}") = "MGtestCCG.Web", "MGtestCCG.Web\MGtestCCG.Web.csproj", "{230689D9-D5D3-435E-A1FC-99AB4DA3A33F}"
EndProject
Project("{FAE04EC0-301F-11D3-BF4B-00C04F79EFBC}") = "MGtestCCG.Domain.Entities", "MGtestCCG.Domain.Entities\MGtestCCG.Domain.Entities.csproj", "{7463139C-22CE-41BE-8303-574ECFD5B453}"
EndProject
Project("{FAE04EC0-301F-11D3-BF4B-00C04F79EFBC}") = "MGtestCCG.Domain.Irepositories", "MGtestCCG.Domain.Irepositories\MGtestCCG.Domain.Irepositories.csproj", "{D5BA424A-F969-4D53-964A-49A177187A44}"
EndProject
Project("{FAE04EC0-301F-11D3-BF4B-00C04F79EFBC}") = "MGtestCCG.Domain.Services", "MGtestCCG.Domain.Services\MGtestCCG.Domain.Services.csproj", "{38D67F4B-1424-4335-B3C9-5ECAE8A3869B}"
EndProject
Project("{FAE04EC0-301F-11D3-BF4B-00C04F79EFBC}") = "MGtestCCG.Infrastructure.Repositories", "MGtestCCG.Infrastructure.Repositories\MGtestCCG.Infrastructure.Repositories.csproj", "{65EBAA02-823F-43F9-A526-7063DBFE5AA7}"
EndProject
Project("{2150E333-8FDC-42A3-9474-1A3956D46DE8}") = "1.Domain", "1.Domain", "{D4A61FCC-D1A2-4CB0-8C0F-50B9899D09B6}"
EndProject
Project("{2150E333-8FDC-42A3-9474-1A3956D46DE8}") = "2.Infrastructure", "2.Infrastructure", "{0E246934-8962-4566-B9BC-D3A9DAB8B321}"
EndProject
Project("{2150E333-8FDC-42A3-9474-1A3956D46DE8}") = "3.Application", "3.Application", "{66C54194-59F4-4394-99E4-F01EA1FFB76A}"
EndProject
Project("{FAE04EC0-301F-11D3-BF4B-00C04F79EFBC}") = "MGtestCCG.Application.Query", "MGtestCCG.Application.Query\MGtestCCG.Application.Query.csproj", "{B3A30364-4722-4E01-840F-309D129EE88F}"
EndProject
Project("{FAE04EC0-301F-11D3-BF4B-00C04F79EFBC}") = "MGtestCCG.Application.QueryHandler", "MGtestCCG.Application.QueryHandler\MGtestCCG.Application.QueryHandler.csproj", "{EC5237DB-CA45-41FF-92E6-486BBAE6ABDA}"
EndProject
Project("{2150E333-8FDC-42A3-9474-1A3956D46DE8}") = "4.Web", "4.Web", "{07497E75-F02D-4E47-868F-F36A6D2D50E7}"
EndProject
Project("{2150E333-8FDC-42A3-9474-1A3956D46DE8}") = "5.Test", "5.Test", "{F5176EEF-13AA-4503-AE88-3E5629F5F691}"
EndProject
Project("{FAE04EC0-301F-11D3-BF4B-00C04F79EFBC}") = "MGtestCCG.UnitTest", "MGtestCCG.UnitTest\MGtestCCG.UnitTest.csproj", "{5F5EE537-EDCD-4663-95B6-CFB53BAEEA8F}"
EndProject
Project("{FAE04EC0-301F-11D3-BF4B-00C04F79EFBC}") = "MGtestCCG.Application.DTO", "MGtestCCG.Application.DTO\MGtestCCG.Application.DTO.csproj", "{BB37F7E9-4235-483C-8DF2-9F152B765A4D}"
EndProject
Global
	GlobalSection(SolutionConfigurationPlatforms) = preSolution
		Debug|Any CPU = Debug|Any CPU
		Release|Any CPU = Release|Any CPU
	EndGlobalSection
	GlobalSection(ProjectConfigurationPlatforms) = postSolution
		{230689D9-D5D3-435E-A1FC-99AB4DA3A33F}.Debug|Any CPU.ActiveCfg = Debug|Any CPU
		{230689D9-D5D3-435E-A1FC-99AB4DA3A33F}.Debug|Any CPU.Build.0 = Debug|Any CPU
		{230689D9-D5D3-435E-A1FC-99AB4DA3A33F}.Release|Any CPU.ActiveCfg = Release|Any CPU
		{230689D9-D5D3-435E-A1FC-99AB4DA3A33F}.Release|Any CPU.Build.0 = Release|Any CPU
		{7463139C-22CE-41BE-8303-574ECFD5B453}.Debug|Any CPU.ActiveCfg = Debug|Any CPU
		{7463139C-22CE-41BE-8303-574ECFD5B453}.Debug|Any CPU.Build.0 = Debug|Any CPU
		{7463139C-22CE-41BE-8303-574ECFD5B453}.Release|Any CPU.ActiveCfg = Release|Any CPU
		{7463139C-22CE-41BE-8303-574ECFD5B453}.Release|Any CPU.Build.0 = Release|Any CPU
		{D5BA424A-F969-4D53-964A-49A177187A44}.Debug|Any CPU.ActiveCfg = Debug|Any CPU
		{D5BA424A-F969-4D53-964A-49A177187A44}.Debug|Any CPU.Build.0 = Debug|Any CPU
		{D5BA424A-F969-4D53-964A-49A177187A44}.Release|Any CPU.ActiveCfg = Release|Any CPU
		{D5BA424A-F969-4D53-964A-49A177187A44}.Release|Any CPU.Build.0 = Release|Any CPU
		{38D67F4B-1424-4335-B3C9-5ECAE8A3869B}.Debug|Any CPU.ActiveCfg = Debug|Any CPU
		{38D67F4B-1424-4335-B3C9-5ECAE8A3869B}.Debug|Any CPU.Build.0 = Debug|Any CPU
		{38D67F4B-1424-4335-B3C9-5ECAE8A3869B}.Release|Any CPU.ActiveCfg = Release|Any CPU
		{38D67F4B-1424-4335-B3C9-5ECAE8A3869B}.Release|Any CPU.Build.0 = Release|Any CPU
		{65EBAA02-823F-43F9-A526-7063DBFE5AA7}.Debug|Any CPU.ActiveCfg = Debug|Any CPU
		{65EBAA02-823F-43F9-A526-7063DBFE5AA7}.Debug|Any CPU.Build.0 = Debug|Any CPU
		{65EBAA02-823F-43F9-A526-7063DBFE5AA7}.Release|Any CPU.ActiveCfg = Release|Any CPU
		{65EBAA02-823F-43F9-A526-7063DBFE5AA7}.Release|Any CPU.Build.0 = Release|Any CPU
		{B3A30364-4722-4E01-840F-309D129EE88F}.Debug|Any CPU.ActiveCfg = Debug|Any CPU
		{B3A30364-4722-4E01-840F-309D129EE88F}.Debug|Any CPU.Build.0 = Debug|Any CPU
		{B3A30364-4722-4E01-840F-309D129EE88F}.Release|Any CPU.ActiveCfg = Release|Any CPU
		{B3A30364-4722-4E01-840F-309D129EE88F}.Release|Any CPU.Build.0 = Release|Any CPU
		{EC5237DB-CA45-41FF-92E6-486BBAE6ABDA}.Debug|Any CPU.ActiveCfg = Debug|Any CPU
		{EC5237DB-CA45-41FF-92E6-486BBAE6ABDA}.Debug|Any CPU.Build.0 = Debug|Any CPU
		{EC5237DB-CA45-41FF-92E6-486BBAE6ABDA}.Release|Any CPU.ActiveCfg = Release|Any CPU
		{EC5237DB-CA45-41FF-92E6-486BBAE6ABDA}.Release|Any CPU.Build.0 = Release|Any CPU
		{5F5EE537-EDCD-4663-95B6-CFB53BAEEA8F}.Debug|Any CPU.ActiveCfg = Debug|Any CPU
		{5F5EE537-EDCD-4663-95B6-CFB53BAEEA8F}.Debug|Any CPU.Build.0 = Debug|Any CPU
		{5F5EE537-EDCD-4663-95B6-CFB53BAEEA8F}.Release|Any CPU.ActiveCfg = Release|Any CPU
		{5F5EE537-EDCD-4663-95B6-CFB53BAEEA8F}.Release|Any CPU.Build.0 = Release|Any CPU
		{BB37F7E9-4235-483C-8DF2-9F152B765A4D}.Debug|Any CPU.ActiveCfg = Debug|Any CPU
		{BB37F7E9-4235-483C-8DF2-9F152B765A4D}.Debug|Any CPU.Build.0 = Debug|Any CPU
		{BB37F7E9-4235-483C-8DF2-9F152B765A4D}.Release|Any CPU.ActiveCfg = Release|Any CPU
		{BB37F7E9-4235-483C-8DF2-9F152B765A4D}.Release|Any CPU.Build.0 = Release|Any CPU
	EndGlobalSection
	GlobalSection(SolutionProperties) = preSolution
		HideSolutionNode = FALSE
	EndGlobalSection
	GlobalSection(NestedProjects) = preSolution
		{230689D9-D5D3-435E-A1FC-99AB4DA3A33F} = {07497E75-F02D-4E47-868F-F36A6D2D50E7}
		{7463139C-22CE-41BE-8303-574ECFD5B453} = {D4A61FCC-D1A2-4CB0-8C0F-50B9899D09B6}
		{D5BA424A-F969-4D53-964A-49A177187A44} = {D4A61FCC-D1A2-4CB0-8C0F-50B9899D09B6}
		{38D67F4B-1424-4335-B3C9-5ECAE8A3869B} = {D4A61FCC-D1A2-4CB0-8C0F-50B9899D09B6}
		{65EBAA02-823F-43F9-A526-7063DBFE5AA7} = {0E246934-8962-4566-B9BC-D3A9DAB8B321}
		{B3A30364-4722-4E01-840F-309D129EE88F} = {66C54194-59F4-4394-99E4-F01EA1FFB76A}
		{EC5237DB-CA45-41FF-92E6-486BBAE6ABDA} = {66C54194-59F4-4394-99E4-F01EA1FFB76A}
		{5F5EE537-EDCD-4663-95B6-CFB53BAEEA8F} = {F5176EEF-13AA-4503-AE88-3E5629F5F691}
		{BB37F7E9-4235-483C-8DF2-9F152B765A4D} = {66C54194-59F4-4394-99E4-F01EA1FFB76A}
	EndGlobalSection
	GlobalSection(ExtensibilityGlobals) = postSolution
		SolutionGuid = {76831EB2-693C-47B3-83E5-08E69F4A1E4C}
	EndGlobalSection
EndGlobal
